
Microsoft Visual Studio Solution File, Format Version 12.00
# Visual Studio Version 17
VisualStudioVersion = 17.3.32901.215
MinimumVisualStudioVersion = 10.0.40219.1
Project("{FAE04EC0-301F-11D3-BF4B-00C04F79EFBC}") = "Ui_control_replacement_v1", "Ui_control_replacement_v1.csproj", "{C9BBF88A-1DAD-4FDB-8A12-22434B340430}"
EndProject
Global
	GlobalSection(SolutionConfigurationPlatforms) = preSolution
		Debug|Any CPU = Debug|Any CPU
		Release|Any CPU = Release|Any CPU
	EndGlobalSection
	GlobalSection(ProjectConfigurationPlatforms) = postSolution
		{C9BBF88A-1DAD-4FDB-8A12-22434B340430}.Debug|Any CPU.ActiveCfg = Debug|Any CPU
		{C9BBF88A-1DAD-4FDB-8A12-22434B340430}.Debug|Any CPU.Build.0 = Debug|Any CPU
		{C9BBF88A-1DAD-4FDB-8A12-22434B340430}.Release|Any CPU.ActiveCfg = Release|Any CPU
		{C9BBF88A-1DAD-4FDB-8A12-22434B340430}.Release|Any CPU.Build.0 = Release|Any CPU
	EndGlobalSection
	GlobalSection(SolutionProperties) = preSolution
		HideSolutionNode = FALSE
	EndGlobalSection
	GlobalSection(ExtensibilityGlobals) = postSolution
		SolutionGuid = {5A736DC3-8402-4F57-9145-2AE7ACA8538E}
	EndGlobalSection
EndGlobal
